
Microsoft Visual Studio Solution File, Format Version 12.00
# Visual Studio 15
VisualStudioVersion = 15.0.28307.1082
MinimumVisualStudioVersion = 10.0.40219.1
Project("{FAE04EC0-301F-11D3-BF4B-00C04F79EFBC}") = "AvailityAssessment2", "AvailityAssessment2\AvailityAssessment2.csproj", "{582E10DA-514F-4350-9815-580776347725}"
EndProject
Global
	GlobalSection(SolutionConfigurationPlatforms) = preSolution
		Debug|Any CPU = Debug|Any CPU
		Release|Any CPU = Release|Any CPU
	EndGlobalSection
	GlobalSection(ProjectConfigurationPlatforms) = postSolution
		{582E10DA-514F-4350-9815-580776347725}.Debug|Any CPU.ActiveCfg = Debug|Any CPU
		{582E10DA-514F-4350-9815-580776347725}.Debug|Any CPU.Build.0 = Debug|Any CPU
		{582E10DA-514F-4350-9815-580776347725}.Release|Any CPU.ActiveCfg = Release|Any CPU
		{582E10DA-514F-4350-9815-580776347725}.Release|Any CPU.Build.0 = Release|Any CPU
	EndGlobalSection
	GlobalSection(SolutionProperties) = preSolution
		HideSolutionNode = FALSE
	EndGlobalSection
	GlobalSection(ExtensibilityGlobals) = postSolution
		SolutionGuid = {7FEF4486-E4B8-4FB7-8C26-ADC561F1F9A9}
	EndGlobalSection
EndGlobal
